// !$*UTF8*$!
{
	archiveVersion = 1;
	classes = {
	};
	objectVersion = 46;
	objects = {

/* Begin PBXBuildFile section */
		4A9C2A651E0A1BDC00FCC84F /* main.m in Sources */ = {isa = PBXBuildFile; fileRef = 4A9C2A641E0A1BDC00FCC84F /* main.m */; };
		4A9C2A681E0A1BDC00FCC84F /* AppDelegate.m in Sources */ = {isa = PBXBuildFile; fileRef = 4A9C2A671E0A1BDC00FCC84F /* AppDelegate.m */; };
		4A9C2A6B1E0A1BDC00FCC84F /* ViewController.m in Sources */ = {isa = PBXBuildFile; fileRef = 4A9C2A6A1E0A1BDC00FCC84F /* ViewController.m */; };
		4A9C2A6E1E0A1BDC00FCC84F /* Main.storyboard in Resources */ = {isa = PBXBuildFile; fileRef = 4A9C2A6C1E0A1BDC00FCC84F /* Main.storyboard */; };
		4A9C2A701E0A1BDC00FCC84F /* Assets.xcassets in Resources */ = {isa = PBXBuildFile; fileRef = 4A9C2A6F1E0A1BDC00FCC84F /* Assets.xcassets */; };
		4A9C2A731E0A1BDC00FCC84F /* LaunchScreen.storyboard in Resources */ = {isa = PBXBuildFile; fileRef = 4A9C2A711E0A1BDC00FCC84F /* LaunchScreen.storyboard */; };
/* End PBXBuildFile section */

/* Begin PBXFileReference section */
		4A9C2A601E0A1BDC00FCC84F /* LiveShow.app */ = {isa = PBXFileReference; explicitFileType = wrapper.application; includeInIndex = 0; path = LiveShow.app; sourceTree = BUILT_PRODUCTS_DIR; };
		4A9C2A641E0A1BDC00FCC84F /* main.m */ = {isa = PBXFileReference; lastKnownFileType = sourcecode.c.objc; path = main.m; sourceTree = "<group>"; };
		4A9C2A661E0A1BDC00FCC84F /* AppDelegate.h */ = {isa = PBXFileReference; lastKnownFileType = sourcecode.c.h; path = AppDelegate.h; sourceTree = "<group>"; };
		4A9C2A671E0A1BDC00FCC84F /* AppDelegate.m */ = {isa = PBXFileReference; lastKnownFileType = sourcecode.c.objc; path = AppDelegate.m; sourceTree = "<group>"; };
		4A9C2A691E0A1BDC00FCC84F /* ViewController.h */ = {isa = PBXFileReference; lastKnownFileType = sourcecode.c.h; path = ViewController.h; sourceTree = "<group>"; };
		4A9C2A6A1E0A1BDC00FCC84F /* ViewController.m */ = {isa = PBXFileReference; lastKnownFileType = sourcecode.c.objc; path = ViewController.m; sourceTree = "<group>"; };
		4A9C2A6D1E0A1BDC00FCC84F /* Base */ = {isa = PBXFileReference; lastKnownFileType = file.storyboard; name = Base; path = Base.lproj/Main.storyboard; sourceTree = "<group>"; };
		4A9C2A6F1E0A1BDC00FCC84F /* Assets.xcassets */ = {isa = PBXFileReference; lastKnownFileType = folder.assetcatalog; path = Assets.xcassets; sourceTree = "<group>"; };
		4A9C2A721E0A1BDC00FCC84F /* Base */ = {isa = PBXFileReference; lastKnownFileType = file.storyboard; name = Base; path = Base.lproj/LaunchScreen.storyboard; sourceTree = "<group>"; };
		4A9C2A741E0A1BDC00FCC84F /* Info.plist */ = {isa = PBXFileReference; lastKnownFileType = text.plist.xml; path = Info.plist; sourceTree = "<group>"; };
/* End PBXFileReference section */

/* Begin PBXFrameworksBuildPhase section */
		4A9C2A5D1E0A1BDC00FCC84F /* Frameworks */ = {
			isa = PBXFrameworksBuildPhase;
			buildActionMask = 2147483647;
			files = (
			);
			runOnlyForDeploymentPostprocessing = 0;
		};
/* End PBXFrameworksBuildPhase section */

/* Begin PBXGroup section */
		4A9C2A571E0A1BDC00FCC84F = {
			isa = PBXGroup;
			children = (
				4A9C2A621E0A1BDC00FCC84F /* LiveShow */,
				4A9C2A611E0A1BDC00FCC84F /* Products */,
			);
			sourceTree = "<group>";
		};
		4A9C2A611E0A1BDC00FCC84F /* Products */ = {
			isa = PBXGroup;
			children = (
				4A9C2A601E0A1BDC00FCC84F /* LiveShow.app */,
			);
			name = Products;
			sourceTree = "<group>";
		};
		4A9C2A621E0A1BDC00FCC84F /* LiveShow */ = {
			isa = PBXGroup;
			children = (
				4A9C2A661E0A1BDC00FCC84F /* AppDelegate.h */,
				4A9C2A671E0A1BDC00FCC84F /* AppDelegate.m */,
				4A9C2A691E0A1BDC00FCC84F /* ViewController.h */,
				4A9C2A6A1E0A1BDC00FCC84F /* ViewController.m */,
				4A9C2A6C1E0A1BDC00FCC84F /* Main.storyboard */,
				4A9C2A6F1E0A1BDC00FCC84F /* Assets.xcassets */,
				4A9C2A711E0A1BDC00FCC84F /* LaunchScreen.storyboard */,
				4A9C2A741E0A1BDC00FCC84F /* Info.plist */,
				4A9C2A631E0A1BDC00FCC84F /* Supporting Files */,
			);
			path = LiveShow;
			sourceTree = "<group>";
		};
		4A9C2A631E0A1BDC00FCC84F /* Supporting Files */ = {
			isa = PBXGroup;
			children = (
				4A9C2A641E0A1BDC00FCC84F /* main.m */,
			);
			name = "Supporting Files";
			sourceTree = "<group>";
		};
/* End PBXGroup section */

/* Begin PBXNativeTarget section */
		4A9C2A5F1E0A1BDC00FCC84F /* LiveShow */ = {
			isa = PBXNativeTarget;
			buildConfigurationList = 4A9C2A771E0A1BDC00FCC84F /* Build configuration list for PBXNativeTarget "LiveShow" */;
			buildPhases = (
				4A9C2A5C1E0A1BDC00FCC84F /* Sources */,
				4A9C2A5D1E0A1BDC00FCC84F /* Frameworks */,
				4A9C2A5E1E0A1BDC00FCC84F /* Resources */,
			);
			buildRules = (
			);
			dependencies = (
			);
			name = LiveShow;
			productName = LiveShow;
			productReference = 4A9C2A601E0A1BDC00FCC84F /* LiveShow.app */;
			productType = "com.apple.product-type.application";
		};
/* End PBXNativeTarget section */

/* Begin PBXProject section */
		4A9C2A581E0A1BDC00FCC84F /* Project object */ = {
			isa = PBXProject;
			attributes = {
				LastUpgradeCheck = 0820;
				ORGANIZATIONNAME = Mosai;
				TargetAttributes = {
					4A9C2A5F1E0A1BDC00FCC84F = {
						CreatedOnToolsVersion = 8.2;
						DevelopmentTeam = PZB629Z2FZ;
						ProvisioningStyle = Automatic;
					};
				};
			};
			buildConfigurationList = 4A9C2A5B1E0A1BDC00FCC84F /* Build configuration list for PBXProject "LiveShow" */;
			compatibilityVersion = "Xcode 3.2";
			developmentRegion = English;
			hasScannedForEncodings = 0;
			knownRegions = (
				en,
				Base,
			);
			mainGroup = 4A9C2A571E0A1BDC00FCC84F;
			productRefGroup = 4A9C2A611E0A1BDC00FCC84F /* Products */;
			projectDirPath = "";
			projectRoot = "";
			targets = (
				4A9C2A5F1E0A1BDC00FCC84F /* LiveShow */,
			);
		};
/* End PBXProject section */

/* Begin PBXResourcesBuildPhase section */
		4A9C2A5E1E0A1BDC00FCC84F /* Resources */ = {
			isa = PBXResourcesBuildPhase;
			buildActionMask = 2147483647;
			files = (
				4A9C2A731E0A1BDC00FCC84F /* LaunchScreen.storyboard in Resources */,
				4A9C2A701E0A1BDC00FCC84F /* Assets.xcassets in Resources */,
				4A9C2A6E1E0A1BDC00FCC84F /* Main.storyboard in Resources */,
			);
			runOnlyForDeploymentPostprocessing = 0;
		};
/* End PBXResourcesBuildPhase section */

/* Begin PBXSourcesBuildPhase section */
		4A9C2A5C1E0A1BDC00FCC84F /* Sources */ = {
			isa = PBXSourcesBuildPhase;
			buildActionMask = 2147483647;
			files = (
				4A9C2A6B1E0A1BDC00FCC84F /* ViewController.m in Sources */,
				4A9C2A681E0A1BDC00FCC84F /* AppDelegate.m in Sources */,
				4A9C2A651E0A1BDC00FCC84F /* main.m in Sources */,
			);
			runOnlyForDeploymentPostprocessing = 0;
		};
/* End PBXSourcesBuildPhase section */

/* Begin PBXVariantGroup section */
		4A9C2A6C1E0A1BDC00FCC84F /* Main.storyboard */ = {
			isa = PBXVariantGroup;
			children = (
				4A9C2A6D1E0A1BDC00FCC84F /* Base */,
			);
			name = Main.storyboard;
			sourceTree = "<group>";
		};
		4A9C2A711E0A1BDC00FCC84F /* LaunchScreen.storyboard */ = {
			isa = PBXVariantGroup;
			children = (
				4A9C2A721E0A1BDC00FCC84F /* Base */,
			);
			name = LaunchScreen.storyboard;
			sourceTree = "<group>";
		};
/* End PBXVariantGroup section */

/* Begin XCBuildConfiguration section */
		4A9C2A751E0A1BDC00FCC84F /* Debug */ = {
			isa = XCBuildConfiguration;
			buildSettings = {
				ALWAYS_SEARCH_USER_PATHS = NO;
				CLANG_ANALYZER_NONNULL = YES;
				CLANG_CXX_LANGUAGE_STANDARD = "gnu++0x";
				CLANG_CXX_LIBRARY = "libc++";
				CLANG_ENABLE_MODULES = YES;
				CLANG_ENABLE_OBJC_ARC = YES;
				CLANG_WARN_BOOL_CONVERSION = YES;
				CLANG_WARN_CONSTANT_CONVERSION = YES;
				CLANG_WARN_DIRECT_OBJC_ISA_USAGE = YES_ERROR;
				CLANG_WARN_DOCUMENTATION_COMMENTS = YES;
				CLANG_WARN_EMPTY_BODY = YES;
				CLANG_WARN_ENUM_CONVERSION = YES;
				CLANG_WARN_INFINITE_RECURSION = YES;
				CLANG_WARN_INT_CONVERSION = YES;
				CLANG_WARN_OBJC_ROOT_CLASS = YES_ERROR;
				CLANG_WARN_SUSPICIOUS_MOVE = YES;
				CLANG_WARN_UNREACHABLE_CODE = YES;
				CLANG_WARN__DUPLICATE_METHOD_MATCH = YES;
				"CODE_SIGN_IDENTITY[sdk=iphoneos*]" = "iPhone Developer";
				COPY_PHASE_STRIP = NO;
				DEBUG_INFORMATION_FORMAT = dwarf;
				ENABLE_STRICT_OBJC_MSGSEND = YES;
				ENABLE_TESTABILITY = YES;
				GCC_C_LANGUAGE_STANDARD = gnu99;
				GCC_DYNAMIC_NO_PIC = NO;
				GCC_NO_COMMON_BLOCKS = YES;
				GCC_OPTIMIZATION_LEVEL = 0;
				GCC_PREPROCESSOR_DEFINITIONS = (
					"DEBUG=1",
					"$(inherited)",
				);
				GCC_WARN_64_TO_32_BIT_CONVERSION = YES;
				GCC_WARN_ABOUT_RETURN_TYPE = YES_ERROR;
				GCC_WARN_UNDECLARED_SELECTOR = YES;
				GCC_WARN_UNINITIALIZED_AUTOS = YES_AGGRESSIVE;
				GCC_WARN_UNUSED_FUNCTION = YES;
				GCC_WARN_UNUSED_VARIABLE = YES;
				IPHONEOS_DEPLOYMENT_TARGET = 10.2;
				MTL_ENABLE_DEBUG_INFO = YES;
				ONLY_ACTIVE_ARCH = YES;
				SDKROOT = iphoneos;
			};
			name = Debug;
		};
		4A9C2A761E0A1BDC00FCC84F /* Release */ = {
			isa = XCBuildConfiguration;
			buildSettings = {
				ALWAYS_SEARCH_USER_PATHS = NO;
				CLANG_ANALYZER_NONNULL = YES;
				CLANG_CXX_LANGUAGE_STANDARD = "gnu++0x";
				CLANG_CXX_LIBRARY = "libc++";
				CLANG_ENABLE_MODULES = YES;
				CLANG_ENABLE_OBJC_ARC = YES;
				CLANG_WARN_BOOL_CONVERSION = YES;
				CLANG_WARN_CONSTANT_CONVERSION = YES;
				CLANG_WARN_DIRECT_OBJC_ISA_USAGE = YES_ERROR;
				CLANG_WARN_DOCUMENTATION_COMMENTS = YES;
				CLANG_WARN_EMPTY_BODY = YES;
				CLANG_WARN_ENUM_CONVERSION = YES;
				CLANG_WARN_INFINITE_RECURSION = YES;
				CLANG_WARN_INT_CONVERSION = YES;
				CLANG_WARN_OBJC_ROOT_CLASS = YES_ERROR;
				CLANG_WARN_SUSPICIOUS_MOVE = YES;
				CLANG_WARN_UNREACHABLE_CODE = YES;
				CLANG_WARN__DUPLICATE_METHOD_MATCH = YES;
				"CODE_SIGN_IDENTITY[sdk=iphoneos*]" = "iPhone Developer";
				COPY_PHASE_STRIP = NO;
				DEBUG_INFORMATION_FORMAT = "dwarf-with-dsym";
				ENABLE_NS_ASSERTIONS = NO;
				ENABLE_STRICT_OBJC_MSGSEND = YES;
				GCC_C_LANGUAGE_STANDARD = gnu99;
				GCC_NO_COMMON_BLOCKS = YES;
				GCC_WARN_64_TO_32_BIT_CONVERSION = YES;
				GCC_WARN_ABOUT_RETURN_TYPE = YES_ERROR;
				GCC_WARN_UNDECLARED_SELECTOR = YES;
				GCC_WARN_UNINITIALIZED_AUTOS = YES_AGGRESSIVE;
				GCC_WARN_UNUSED_FUNCTION = YES;
				GCC_WARN_UNUSED_VARIABLE = YES;
				IPHONEOS_DEPLOYMENT_TARGET = 10.2;
				MTL_ENABLE_DEBUG_INFO = NO;
				SDKROOT = iphoneos;
				VALIDATE_PRODUCT = YES;
			};
			name = Release;
		};
		4A9C2A781E0A1BDC00FCC84F /* Debug */ = {
			isa = XCBuildConfiguration;
			buildSettings = {
				ASSETCATALOG_COMPILER_APPICON_NAME = AppIcon;
				DEVELOPMENT_TEAM = PZB629Z2FZ;
				INFOPLIST_FILE = LiveShow/Info.plist;
				LD_RUNPATH_SEARCH_PATHS = "$(inherited) @executable_path/Frameworks";
				PRODUCT_BUNDLE_IDENTIFIER = leikai.LiveShow;
				PRODUCT_NAME = "$(TARGET_NAME)";
			};
			name = Debug;
		};
		4A9C2A791E0A1BDC00FCC84F /* Release */ = {
			isa = XCBuildConfiguration;
			buildSettings = {
				ASSETCATALOG_COMPILER_APPICON_NAME = AppIcon;
				DEVELOPMENT_TEAM = PZB629Z2FZ;
				INFOPLIST_FILE = LiveShow/Info.plist;
				LD_RUNPATH_SEARCH_PATHS = "$(inherited) @executable_path/Frameworks";
				PRODUCT_BUNDLE_IDENTIFIER = leikai.LiveShow;
				PRODUCT_NAME = "$(TARGET_NAME)";
			};
			name = Release;
		};
/* End XCBuildConfiguration section */

/* Begin XCConfigurationList section */
		4A9C2A5B1E0A1BDC00FCC84F /* Build configuration list for PBXProject "LiveShow" */ = {
			isa = XCConfigurationList;
			buildConfigurations = (
				4A9C2A751E0A1BDC00FCC84F /* Debug */,
				4A9C2A761E0A1BDC00FCC84F /* Release */,
			);
			defaultConfigurationIsVisible = 0;
			defaultConfigurationName = Release;
		};
		4A9C2A771E0A1BDC00FCC84F /* Build configuration list for PBXNativeTarget "LiveShow" */ = {
			isa = XCConfigurationList;
			buildConfigurations = (
				4A9C2A781E0A1BDC00FCC84F /* Debug */,
				4A9C2A791E0A1BDC00FCC84F /* Release */,
			);
			defaultConfigurationIsVisible = 0;
		};
/* End XCConfigurationList section */
	};
	rootObject = 4A9C2A581E0A1BDC00FCC84F /* Project object */;
}
